
Microsoft Visual Studio Solution File, Format Version 12.00
# Visual Studio 15
VisualStudioVersion = 15.0.28010.2036
MinimumVisualStudioVersion = 10.0.40219.1
Project("{9A19103F-16F7-4668-BE54-9A1E7A4F7556}") = "Vicuna.Storage", "src\Vicuna.Storage\Vicuna.Storage.csproj", "{73F103AC-D7A9-44B8-AFE6-D27A87454E7A}"
EndProject
Project("{2150E333-8FDC-42A3-9474-1A3956D46DE8}") = "src", "src", "{FEF5DEC9-8E32-4138-9844-D16722D9820B}"
EndProject
Global
	GlobalSection(SolutionConfigurationPlatforms) = preSolution
		Debug|Any CPU = Debug|Any CPU
		Release|Any CPU = Release|Any CPU
	EndGlobalSection
	GlobalSection(ProjectConfigurationPlatforms) = postSolution
		{73F103AC-D7A9-44B8-AFE6-D27A87454E7A}.Debug|Any CPU.ActiveCfg = Debug|Any CPU
		{73F103AC-D7A9-44B8-AFE6-D27A87454E7A}.Debug|Any CPU.Build.0 = Debug|Any CPU
		{73F103AC-D7A9-44B8-AFE6-D27A87454E7A}.Release|Any CPU.ActiveCfg = Release|Any CPU
		{73F103AC-D7A9-44B8-AFE6-D27A87454E7A}.Release|Any CPU.Build.0 = Release|Any CPU
	EndGlobalSection
	GlobalSection(SolutionProperties) = preSolution
		HideSolutionNode = FALSE
	EndGlobalSection
	GlobalSection(NestedProjects) = preSolution
		{73F103AC-D7A9-44B8-AFE6-D27A87454E7A} = {FEF5DEC9-8E32-4138-9844-D16722D9820B}
	EndGlobalSection
	GlobalSection(ExtensibilityGlobals) = postSolution
		SolutionGuid = {E07600CA-ED75-4229-9B86-035115B5C867}
	EndGlobalSection
EndGlobal
